
Microsoft Visual Studio Solution File, Format Version 12.00
# Visual Studio Version 16
VisualStudioVersion = 16.0.29613.14
MinimumVisualStudioVersion = 10.0.40219.1
Project("{FAE04EC0-301F-11D3-BF4B-00C04F79EFBC}") = "Contatos.UI", "Contatos.UI\Contatos.UI.csproj", "{2116E0BC-A761-4F77-8DD1-7A86A006C196}"
EndProject
Project("{FAE04EC0-301F-11D3-BF4B-00C04F79EFBC}") = "Contatos.Domain", "Contados.Domain\Contatos.Domain.csproj", "{D8E7E9C7-8720-49EB-A170-80F2D004E2EA}"
EndProject
Project("{FAE04EC0-301F-11D3-BF4B-00C04F79EFBC}") = "Contatos.DAL", "Contatos.DAL\Contatos.DAL.csproj", "{C20FCDF1-9C74-4B48-B04F-973DB2A0FBAA}"
EndProject
Project("{FAE04EC0-301F-11D3-BF4B-00C04F79EFBC}") = "Contatos.BLL", "Contatos.BLL\Contatos.BLL.csproj", "{DFA884D4-C609-43B0-A55F-4D69032C9314}"
EndProject
Global
	GlobalSection(SolutionConfigurationPlatforms) = preSolution
		Debug|Any CPU = Debug|Any CPU
		Release|Any CPU = Release|Any CPU
	EndGlobalSection
	GlobalSection(ProjectConfigurationPlatforms) = postSolution
		{2116E0BC-A761-4F77-8DD1-7A86A006C196}.Debug|Any CPU.ActiveCfg = Debug|Any CPU
		{2116E0BC-A761-4F77-8DD1-7A86A006C196}.Debug|Any CPU.Build.0 = Debug|Any CPU
		{2116E0BC-A761-4F77-8DD1-7A86A006C196}.Release|Any CPU.ActiveCfg = Release|Any CPU
		{2116E0BC-A761-4F77-8DD1-7A86A006C196}.Release|Any CPU.Build.0 = Release|Any CPU
		{D8E7E9C7-8720-49EB-A170-80F2D004E2EA}.Debug|Any CPU.ActiveCfg = Debug|Any CPU
		{D8E7E9C7-8720-49EB-A170-80F2D004E2EA}.Debug|Any CPU.Build.0 = Debug|Any CPU
		{D8E7E9C7-8720-49EB-A170-80F2D004E2EA}.Release|Any CPU.ActiveCfg = Release|Any CPU
		{D8E7E9C7-8720-49EB-A170-80F2D004E2EA}.Release|Any CPU.Build.0 = Release|Any CPU
		{C20FCDF1-9C74-4B48-B04F-973DB2A0FBAA}.Debug|Any CPU.ActiveCfg = Debug|Any CPU
		{C20FCDF1-9C74-4B48-B04F-973DB2A0FBAA}.Debug|Any CPU.Build.0 = Debug|Any CPU
		{C20FCDF1-9C74-4B48-B04F-973DB2A0FBAA}.Release|Any CPU.ActiveCfg = Release|Any CPU
		{C20FCDF1-9C74-4B48-B04F-973DB2A0FBAA}.Release|Any CPU.Build.0 = Release|Any CPU
		{DFA884D4-C609-43B0-A55F-4D69032C9314}.Debug|Any CPU.ActiveCfg = Debug|Any CPU
		{DFA884D4-C609-43B0-A55F-4D69032C9314}.Debug|Any CPU.Build.0 = Debug|Any CPU
		{DFA884D4-C609-43B0-A55F-4D69032C9314}.Release|Any CPU.ActiveCfg = Release|Any CPU
		{DFA884D4-C609-43B0-A55F-4D69032C9314}.Release|Any CPU.Build.0 = Release|Any CPU
	EndGlobalSection
	GlobalSection(SolutionProperties) = preSolution
		HideSolutionNode = FALSE
	EndGlobalSection
	GlobalSection(ExtensibilityGlobals) = postSolution
		SolutionGuid = {60B510BA-9F52-4D71-A05E-31996AD038E2}
	EndGlobalSection
EndGlobal
